
Microsoft Visual Studio Solution File, Format Version 12.00
# Visual Studio Version 17
VisualStudioVersion = 17.7.34031.279
MinimumVisualStudioVersion = 10.0.40219.1
Project("{FAE04EC0-301F-11D3-BF4B-00C04F79EFBC}") = "Jatin", "Jatin\Jatin.csproj", "{864593EF-2036-4F92-BF52-D2484E694CED}"
EndProject
Global
	GlobalSection(SolutionConfigurationPlatforms) = preSolution
		Debug|Any CPU = Debug|Any CPU
		Release|Any CPU = Release|Any CPU
	EndGlobalSection
	GlobalSection(ProjectConfigurationPlatforms) = postSolution
		{864593EF-2036-4F92-BF52-D2484E694CED}.Debug|Any CPU.ActiveCfg = Debug|Any CPU
		{864593EF-2036-4F92-BF52-D2484E694CED}.Debug|Any CPU.Build.0 = Debug|Any CPU
		{864593EF-2036-4F92-BF52-D2484E694CED}.Release|Any CPU.ActiveCfg = Release|Any CPU
		{864593EF-2036-4F92-BF52-D2484E694CED}.Release|Any CPU.Build.0 = Release|Any CPU
	EndGlobalSection
	GlobalSection(SolutionProperties) = preSolution
		HideSolutionNode = FALSE
	EndGlobalSection
	GlobalSection(ExtensibilityGlobals) = postSolution
		SolutionGuid = {8EF944B0-2F05-41A9-8353-2A557711F5D8}
	EndGlobalSection
EndGlobal
